
Microsoft Visual Studio Solution File, Format Version 12.00
# Visual Studio Version 16
VisualStudioVersion = 16.0.808.8
MinimumVisualStudioVersion = 10.0.40219.1
Project("{FAE04EC0-301F-11D3-BF4B-00C04F79EFBC}") = "CoOwnershipManager", "CoOwnershipManager\CoOwnershipManager.csproj", "{B3A5DA6B-5546-4E25-B1F0-598A917F2786}"
EndProject
Project("{2150E333-8FDC-42A3-9474-1A3956D46DE8}") = "Solution Items", "Solution Items", "{5B8788CA-D31C-42BE-BC6D-997C092A87E1}"
	ProjectSection(SolutionItems) = preProject
		README.md = README.md
	EndProjectSection
EndProject
Global
	GlobalSection(SolutionConfigurationPlatforms) = preSolution
		Debug|Any CPU = Debug|Any CPU
		Release|Any CPU = Release|Any CPU
	EndGlobalSection
	GlobalSection(ProjectConfigurationPlatforms) = postSolution
		{B3A5DA6B-5546-4E25-B1F0-598A917F2786}.Debug|Any CPU.ActiveCfg = Debug|Any CPU
		{B3A5DA6B-5546-4E25-B1F0-598A917F2786}.Debug|Any CPU.Build.0 = Debug|Any CPU
		{B3A5DA6B-5546-4E25-B1F0-598A917F2786}.Release|Any CPU.ActiveCfg = Release|Any CPU
		{B3A5DA6B-5546-4E25-B1F0-598A917F2786}.Release|Any CPU.Build.0 = Release|Any CPU
	EndGlobalSection
	GlobalSection(SolutionProperties) = preSolution
		HideSolutionNode = FALSE
	EndGlobalSection
	GlobalSection(ExtensibilityGlobals) = postSolution
		SolutionGuid = {D573BA6B-84B4-4DB3-AB36-E7CB5E2C8F86}
	EndGlobalSection
EndGlobal
